
Microsoft Visual Studio Solution File, Format Version 12.00
# Visual Studio Version 16
VisualStudioVersion = 16.0.31624.102
MinimumVisualStudioVersion = 10.0.40219.1
Project("{9A19103F-16F7-4668-BE54-9A1E7A4F7556}") = "ShoppingCart", "ShoppingCart\ShoppingCart.csproj", "{60DE8A9D-34EE-4A3D-9359-63ACC0278E13}"
EndProject
Project("{FAE04EC0-301F-11D3-BF4B-00C04F79EFBC}") = "ShoppingCartTests", "ShoppingCartTests\ShoppingCartTests.csproj", "{4A2D8EF8-380A-4147-B657-9B1C0360F9F3}"
EndProject
Global
	GlobalSection(SolutionConfigurationPlatforms) = preSolution
		Debug|Any CPU = Debug|Any CPU
		Release|Any CPU = Release|Any CPU
	EndGlobalSection
	GlobalSection(ProjectConfigurationPlatforms) = postSolution
		{60DE8A9D-34EE-4A3D-9359-63ACC0278E13}.Debug|Any CPU.ActiveCfg = Debug|Any CPU
		{60DE8A9D-34EE-4A3D-9359-63ACC0278E13}.Debug|Any CPU.Build.0 = Debug|Any CPU
		{60DE8A9D-34EE-4A3D-9359-63ACC0278E13}.Release|Any CPU.ActiveCfg = Release|Any CPU
		{60DE8A9D-34EE-4A3D-9359-63ACC0278E13}.Release|Any CPU.Build.0 = Release|Any CPU
		{4A2D8EF8-380A-4147-B657-9B1C0360F9F3}.Debug|Any CPU.ActiveCfg = Debug|Any CPU
		{4A2D8EF8-380A-4147-B657-9B1C0360F9F3}.Debug|Any CPU.Build.0 = Debug|Any CPU
		{4A2D8EF8-380A-4147-B657-9B1C0360F9F3}.Release|Any CPU.ActiveCfg = Release|Any CPU
		{4A2D8EF8-380A-4147-B657-9B1C0360F9F3}.Release|Any CPU.Build.0 = Release|Any CPU
	EndGlobalSection
	GlobalSection(SolutionProperties) = preSolution
		HideSolutionNode = FALSE
	EndGlobalSection
	GlobalSection(ExtensibilityGlobals) = postSolution
		SolutionGuid = {B192AC83-0790-48AC-89F6-A871776E48B6}
	EndGlobalSection
EndGlobal
